
Microsoft Visual Studio Solution File, Format Version 12.00
# Visual Studio Version 16
VisualStudioVersion = 16.0.29728.190
MinimumVisualStudioVersion = 10.0.40219.1
Project("{FAE04EC0-301F-11D3-BF4B-00C04F79EFBC}") = "Assignment6", "Assignment6\Assignment6.csproj", "{BC75344F-CE6A-4716-B04E-C7DE21F9D634}"
EndProject
Global
	GlobalSection(SolutionConfigurationPlatforms) = preSolution
		Debug|Any CPU = Debug|Any CPU
		Release|Any CPU = Release|Any CPU
	EndGlobalSection
	GlobalSection(ProjectConfigurationPlatforms) = postSolution
		{BC75344F-CE6A-4716-B04E-C7DE21F9D634}.Debug|Any CPU.ActiveCfg = Debug|Any CPU
		{BC75344F-CE6A-4716-B04E-C7DE21F9D634}.Debug|Any CPU.Build.0 = Debug|Any CPU
		{BC75344F-CE6A-4716-B04E-C7DE21F9D634}.Release|Any CPU.ActiveCfg = Release|Any CPU
		{BC75344F-CE6A-4716-B04E-C7DE21F9D634}.Release|Any CPU.Build.0 = Release|Any CPU
	EndGlobalSection
	GlobalSection(SolutionProperties) = preSolution
		HideSolutionNode = FALSE
	EndGlobalSection
	GlobalSection(ExtensibilityGlobals) = postSolution
		SolutionGuid = {8140582A-4517-42F1-8005-907D0D791289}
	EndGlobalSection
EndGlobal
